
Microsoft Visual Studio Solution File, Format Version 12.00
# Visual Studio Version 16
VisualStudioVersion = 16.0.30413.136
MinimumVisualStudioVersion = 10.0.40219.1
Project("{FAE04EC0-301F-11D3-BF4B-00C04F79EFBC}") = "TinkuLCS", "TinkuLCS\TinkuLCS.csproj", "{31E598E9-961D-4DDF-A87E-5AECD7AF2CC3}"
EndProject
Global
	GlobalSection(SolutionConfigurationPlatforms) = preSolution
		Debug|Any CPU = Debug|Any CPU
		Release|Any CPU = Release|Any CPU
	EndGlobalSection
	GlobalSection(ProjectConfigurationPlatforms) = postSolution
		{31E598E9-961D-4DDF-A87E-5AECD7AF2CC3}.Debug|Any CPU.ActiveCfg = Debug|Any CPU
		{31E598E9-961D-4DDF-A87E-5AECD7AF2CC3}.Debug|Any CPU.Build.0 = Debug|Any CPU
		{31E598E9-961D-4DDF-A87E-5AECD7AF2CC3}.Release|Any CPU.ActiveCfg = Release|Any CPU
		{31E598E9-961D-4DDF-A87E-5AECD7AF2CC3}.Release|Any CPU.Build.0 = Release|Any CPU
	EndGlobalSection
	GlobalSection(SolutionProperties) = preSolution
		HideSolutionNode = FALSE
	EndGlobalSection
	GlobalSection(ExtensibilityGlobals) = postSolution
		SolutionGuid = {C22F9274-D4A4-4466-8FC7-CAA6840F632D}
	EndGlobalSection
EndGlobal
